
Microsoft Visual Studio Solution File, Format Version 9.00
# Visual Studio 2005
Project("{FAE04EC0-301F-11D3-BF4B-00C04F79EFBC}") = "RSS Report Retriever", "RSS Report Retriever.csproj", "{7E59AF0F-845B-43EF-AF90-8F8FCF7170CF}"
EndProject
Global
	GlobalSection(TeamFoundationVersionControl) = preSolution
		SccNumberOfProjects = 1
		SccEnterpriseProvider = {4CA58AB2-18FA-4F8D-95D4-32DDF27D184C}
		SccTeamFoundationServer = https://tfs07.codeplex.com/
		SccProjectUniqueName0 = RSS\u0020Report\u0020Retriever.csproj
		SccProjectName0 = ../RSS\u0020Report\u0020Retriever
		SccAuxPath0 = https://tfs07.codeplex.com
		SccLocalPath0 = .
		SccProvider0 = {4CA58AB2-18FA-4F8D-95D4-32DDF27D184C}
	EndGlobalSection
	GlobalSection(SolutionConfigurationPlatforms) = preSolution
		Debug|Any CPU = Debug|Any CPU
		Release|Any CPU = Release|Any CPU
	EndGlobalSection
	GlobalSection(ProjectConfigurationPlatforms) = postSolution
		{7E59AF0F-845B-43EF-AF90-8F8FCF7170CF}.Debug|Any CPU.ActiveCfg = Debug|Any CPU
		{7E59AF0F-845B-43EF-AF90-8F8FCF7170CF}.Debug|Any CPU.Build.0 = Debug|Any CPU
		{7E59AF0F-845B-43EF-AF90-8F8FCF7170CF}.Release|Any CPU.ActiveCfg = Release|Any CPU
		{7E59AF0F-845B-43EF-AF90-8F8FCF7170CF}.Release|Any CPU.Build.0 = Release|Any CPU
	EndGlobalSection
	GlobalSection(SolutionProperties) = preSolution
		HideSolutionNode = FALSE
	EndGlobalSection
EndGlobal
